{"format_version":"1.2","terraform_version":"1.11.4","planned_values":{"root_module":{"resources":[{"address":"aws_sagemaker_notebook_instance.example","mode":"managed","type":"aws_sagemaker_notebook_instance","name":"example","provider_name":"registry.terraform.io/hashicorp/aws","schema_version":0,"values":{"accelerator_types":null,"additional_code_repositories":null,"default_code_repository":null,"direct_internet_access":"Enabled","instance_metadata_service_configuration":[],"instance_type":"ml.t3.medium","kms_key_id":null,"lifecycle_config_name":null,"name":"example-notebook-instance","role_arn":"arn:aws:iam::aws:*","root_access":"Enabled","subnet_id":"hfsjdhbcj","tags":null,"volume_size":5},"sensitive_values":{"instance_metadata_service_configuration":[],"security_groups":[],"tags_all":{}}}]}},"resource_changes":[{"address":"aws_sagemaker_notebook_instance.example","mode":"managed","type":"aws_sagemaker_notebook_instance","name":"example","provider_name":"registry.terraform.io/hashicorp/aws","change":{"actions":["create"],"before":null,"after":{"accelerator_types":null,"additional_code_repositories":null,"default_code_repository":null,"direct_internet_access":"Enabled","instance_metadata_service_configuration":[],"instance_type":"ml.t3.medium","kms_key_id":null,"lifecycle_config_name":null,"name":"example-notebook-instance","role_arn":"arn:aws:iam::aws:*","root_access":"Enabled","subnet_id":"hfsjdhbcj","tags":null,"volume_size":5},"after_unknown":{"arn":true,"id":true,"instance_metadata_service_configuration":[],"network_interface_id":true,"platform_identifier":true,"security_groups":true,"tags_all":true,"url":true},"before_sensitive":false,"after_sensitive":{"instance_metadata_service_configuration":[],"security_groups":[],"tags_all":{}}}}],"configuration":{"provider_config":{"aws":{"name":"aws","full_name":"registry.terraform.io/hashicorp/aws","version_constraint":"~\u003e 5.98.0","expressions":{"region":{"constant_value":"us-west-2"}}}},"root_module":{"resources":[{"address":"aws_sagemaker_notebook_instance.example","mode":"managed","type":"aws_sagemaker_notebook_instance","name":"example","provider_config_key":"aws","expressions":{"instance_type":{"constant_value":"ml.t3.medium"},"name":{"constant_value":"example-notebook-instance"},"role_arn":{"constant_value":"arn:aws:iam::aws:*"},"subnet_id":{"constant_value":"hfsjdhbcj"}},"schema_version":0}]}},"timestamp":"2025-06-16T09:44:46Z","applyable":true,"complete":true,"errored":false}
